// !$*UTF8*$!
{
	archiveVersion = 1;
	classes = {
	};
	objectVersion = 50;
	objects = {

/* Begin PBXBuildFile section */
		782193E7217F5359001A1D88 /* DatabaseManager.swift in Sources */ = {isa = PBXBuildFile; fileRef = 782193E6217F5359001A1D88 /* DatabaseManager.swift */; };
		782193E92180B127001A1D88 /* BookmarkViewController.swift in Sources */ = {isa = PBXBuildFile; fileRef = 782193E82180B127001A1D88 /* BookmarkViewController.swift */; };
		7822ACF32184750E00406738 /* Social.framework in Frameworks */ = {isa = PBXBuildFile; fileRef = 7822ACF12184750200406738 /* Social.framework */; };
		78902834216F4E090027C64A /* AppDelegate.swift in Sources */ = {isa = PBXBuildFile; fileRef = 78902833216F4E090027C64A /* AppDelegate.swift */; };
		78902839216F4E090027C64A /* Main.storyboard in Resources */ = {isa = PBXBuildFile; fileRef = 78902837216F4E090027C64A /* Main.storyboard */; };
		7890283B216F4E0A0027C64A /* Assets.xcassets in Resources */ = {isa = PBXBuildFile; fileRef = 7890283A216F4E0A0027C64A /* Assets.xcassets */; };
		7890283E216F4E0A0027C64A /* LaunchScreen.storyboard in Resources */ = {isa = PBXBuildFile; fileRef = 7890283C216F4E0A0027C64A /* LaunchScreen.storyboard */; };
		789028472170AF920027C64A /* DetailViewController.swift in Sources */ = {isa = PBXBuildFile; fileRef = 789028462170AF920027C64A /* DetailViewController.swift */; };
		7890284F2174EFEC0027C64A /* Films.swift in Sources */ = {isa = PBXBuildFile; fileRef = 7890284E2174EFEC0027C64A /* Films.swift */; };
		78902852217506BA0027C64A /* Alerts.swift in Sources */ = {isa = PBXBuildFile; fileRef = 78902851217506BA0027C64A /* Alerts.swift */; };
		7890285421751C8D0027C64A /* SearchCollectionViewCell.swift in Sources */ = {isa = PBXBuildFile; fileRef = 7890285321751C8D0027C64A /* SearchCollectionViewCell.swift */; };
		7890285621760B830027C64A /* SearchViewController.swift in Sources */ = {isa = PBXBuildFile; fileRef = 7890285521760B830027C64A /* SearchViewController.swift */; };
		7890285921776D2F0027C64A /* Service.swift in Sources */ = {isa = PBXBuildFile; fileRef = 7890285821776D2F0027C64A /* Service.swift */; };
		7890285B2178CBD00027C64A /* GlobalVarManager.swift in Sources */ = {isa = PBXBuildFile; fileRef = 7890285A2178CBD00027C64A /* GlobalVarManager.swift */; };
		78CBBEDF217C93A100F910E6 /* GetCacheImage.swift in Sources */ = {isa = PBXBuildFile; fileRef = 78CBBEDE217C93A100F910E6 /* GetCacheImage.swift */; };
		CC33F3C652B6A772EAD2913D /* Pods_SMK.framework in Frameworks */ = {isa = PBXBuildFile; fileRef = 290D025F3357BC9DA7DFC442 /* Pods_SMK.framework */; };
/* End PBXBuildFile section */

/* Begin PBXContainerItemProxy section */
		7821939D217E1733001A1D88 /* PBXContainerItemProxy */ = {
			isa = PBXContainerItemProxy;
			containerPortal = 78219393217E1732001A1D88 /* SQLite.xcodeproj */;
			proxyType = 2;
			remoteGlobalIDString = EE247AD31C3F04ED00AE3E12;
			remoteInfo = "SQLite iOS";
		};
		7821939F217E1733001A1D88 /* PBXContainerItemProxy */ = {
			isa = PBXContainerItemProxy;
			containerPortal = 78219393217E1732001A1D88 /* SQLite.xcodeproj */;
			proxyType = 2;
			remoteGlobalIDString = EE247ADD1C3F04ED00AE3E12;
			remoteInfo = "SQLiteTests iOS";
		};
		782193A1217E1733001A1D88 /* PBXContainerItemProxy */ = {
			isa = PBXContainerItemProxy;
			containerPortal = 78219393217E1732001A1D88 /* SQLite.xcodeproj */;
			proxyType = 2;
			remoteGlobalIDString = EE247B3C1C3F3ED000AE3E12;
			remoteInfo = "SQLite Mac";
		};
		782193A3217E1733001A1D88 /* PBXContainerItemProxy */ = {
			isa = PBXContainerItemProxy;
			containerPortal = 78219393217E1732001A1D88 /* SQLite.xcodeproj */;
			proxyType = 2;
			remoteGlobalIDString = EE247B451C3F3ED000AE3E12;
			remoteInfo = "SQLiteTests Mac";
		};
		782193A5217E1733001A1D88 /* PBXContainerItemProxy */ = {
			isa = PBXContainerItemProxy;
			containerPortal = 78219393217E1732001A1D88 /* SQLite.xcodeproj */;
			proxyType = 2;
			remoteGlobalIDString = 03A65E5A1C6BB0F50062603F;
			remoteInfo = "SQLite tvOS";
		};
		782193A7217E1733001A1D88 /* PBXContainerItemProxy */ = {
			isa = PBXContainerItemProxy;
			containerPortal = 78219393217E1732001A1D88 /* SQLite.xcodeproj */;
			proxyType = 2;
			remoteGlobalIDString = 03A65E631C6BB0F60062603F;
			remoteInfo = "SQLiteTests tvOS";
		};
		782193A9217E1733001A1D88 /* PBXContainerItemProxy */ = {
			isa = PBXContainerItemProxy;
			containerPortal = 78219393217E1732001A1D88 /* SQLite.xcodeproj */;
			proxyType = 2;
			remoteGlobalIDString = A121AC451CA35C79005A31D1;
			remoteInfo = "SQLite watchOS";
		};
/* End PBXContainerItemProxy section */

/* Begin PBXFileReference section */
		290D025F3357BC9DA7DFC442 /* Pods_SMK.framework */ = {isa = PBXFileReference; explicitFileType = wrapper.framework; includeInIndex = 0; path = Pods_SMK.framework; sourceTree = BUILT_PRODUCTS_DIR; };
		532C30526BF0B512E3DDAF5A /* Pods-SMK.debug.xcconfig */ = {isa = PBXFileReference; includeInIndex = 1; lastKnownFileType = text.xcconfig; name = "Pods-SMK.debug.xcconfig"; path = "Pods/Target Support Files/Pods-SMK/Pods-SMK.debug.xcconfig"; sourceTree = "<group>"; };
		78219393217E1732001A1D88 /* SQLite.xcodeproj */ = {isa = PBXFileReference; lastKnownFileType = "wrapper.pb-project"; name = SQLite.xcodeproj; path = "../../../../Downloads/SQLite.swift-master/SQLite.xcodeproj"; sourceTree = "<group>"; };
		782193E6217F5359001A1D88 /* DatabaseManager.swift */ = {isa = PBXFileReference; lastKnownFileType = sourcecode.swift; path = DatabaseManager.swift; sourceTree = "<group>"; };
		782193E82180B127001A1D88 /* BookmarkViewController.swift */ = {isa = PBXFileReference; lastKnownFileType = sourcecode.swift; path = BookmarkViewController.swift; sourceTree = "<group>"; };
		7822ACF12184750200406738 /* Social.framework */ = {isa = PBXFileReference; lastKnownFileType = wrapper.framework; name = Social.framework; path = System/Library/Frameworks/Social.framework; sourceTree = SDKROOT; };
		78902830216F4E080027C64A /* SMK.app */ = {isa = PBXFileReference; explicitFileType = wrapper.application; includeInIndex = 0; path = SMK.app; sourceTree = BUILT_PRODUCTS_DIR; };
		78902833216F4E090027C64A /* AppDelegate.swift */ = {isa = PBXFileReference; lastKnownFileType = sourcecode.swift; path = AppDelegate.swift; sourceTree = "<group>"; };
		78902838216F4E090027C64A /* Base */ = {isa = PBXFileReference; lastKnownFileType = file.storyboard; name = Base; path = Base.lproj/Main.storyboard; sourceTree = "<group>"; };
		7890283A216F4E0A0027C64A /* Assets.xcassets */ = {isa = PBXFileReference; lastKnownFileType = folder.assetcatalog; path = Assets.xcassets; sourceTree = "<group>"; };
		7890283D216F4E0A0027C64A /* Base */ = {isa = PBXFileReference; lastKnownFileType = file.storyboard; name = Base; path = Base.lproj/LaunchScreen.storyboard; sourceTree = "<group>"; };
		7890283F216F4E0A0027C64A /* Info.plist */ = {isa = PBXFileReference; lastKnownFileType = text.plist.xml; path = Info.plist; sourceTree = "<group>"; };
		789028462170AF920027C64A /* DetailViewController.swift */ = {isa = PBXFileReference; lastKnownFileType = sourcecode.swift; path = DetailViewController.swift; sourceTree = "<group>"; };
		7890284E2174EFEC0027C64A /* Films.swift */ = {isa = PBXFileReference; lastKnownFileType = sourcecode.swift; path = Films.swift; sourceTree = "<group>"; };
		78902851217506BA0027C64A /* Alerts.swift */ = {isa = PBXFileReference; lastKnownFileType = sourcecode.swift; path = Alerts.swift; sourceTree = "<group>"; };
		7890285321751C8D0027C64A /* SearchCollectionViewCell.swift */ = {isa = PBXFileReference; lastKnownFileType = sourcecode.swift; path = SearchCollectionViewCell.swift; sourceTree = "<group>"; };
		7890285521760B830027C64A /* SearchViewController.swift */ = {isa = PBXFileReference; lastKnownFileType = sourcecode.swift; name = SearchViewController.swift; path = ../Views/SearchViewController.swift; sourceTree = "<group>"; };
		7890285821776D2F0027C64A /* Service.swift */ = {isa = PBXFileReference; lastKnownFileType = sourcecode.swift; path = Service.swift; sourceTree = "<group>"; };
		7890285A2178CBD00027C64A /* GlobalVarManager.swift */ = {isa = PBXFileReference; lastKnownFileType = sourcecode.swift; path = GlobalVarManager.swift; sourceTree = "<group>"; };
		78CBBEDE217C93A100F910E6 /* GetCacheImage.swift */ = {isa = PBXFileReference; lastKnownFileType = sourcecode.swift; path = GetCacheImage.swift; sourceTree = "<group>"; };
		D95875EB322AC9AB70A6DD81 /* Pods-SMK.release.xcconfig */ = {isa = PBXFileReference; includeInIndex = 1; lastKnownFileType = text.xcconfig; name = "Pods-SMK.release.xcconfig"; path = "Pods/Target Support Files/Pods-SMK/Pods-SMK.release.xcconfig"; sourceTree = "<group>"; };
/* End PBXFileReference section */

/* Begin PBXFrameworksBuildPhase section */
		7890282D216F4E080027C64A /* Frameworks */ = {
			isa = PBXFrameworksBuildPhase;
			buildActionMask = 2147483647;
			files = (
				7822ACF32184750E00406738 /* Social.framework in Frameworks */,
				CC33F3C652B6A772EAD2913D /* Pods_SMK.framework in Frameworks */,
			);
			runOnlyForDeploymentPostprocessing = 0;
		};
/* End PBXFrameworksBuildPhase section */

/* Begin PBXGroup section */
		4559774E17C6FF5656B6FEA3 /* Pods */ = {
			isa = PBXGroup;
			children = (
				532C30526BF0B512E3DDAF5A /* Pods-SMK.debug.xcconfig */,
				D95875EB322AC9AB70A6DD81 /* Pods-SMK.release.xcconfig */,
			);
			name = Pods;
			sourceTree = "<group>";
		};
		6B03A581A18E42E8D320F8EF /* Frameworks */ = {
			isa = PBXGroup;
			children = (
				7822ACF12184750200406738 /* Social.framework */,
				78219393217E1732001A1D88 /* SQLite.xcodeproj */,
				290D025F3357BC9DA7DFC442 /* Pods_SMK.framework */,
			);
			name = Frameworks;
			sourceTree = "<group>";
		};
		78219394217E1732001A1D88 /* Products */ = {
			isa = PBXGroup;
			children = (
				7821939E217E1733001A1D88 /* SQLite.framework */,
				782193A0217E1733001A1D88 /* SQLiteTests iOS.xctest */,
				782193A2217E1733001A1D88 /* SQLite.framework */,
				782193A4217E1733001A1D88 /* SQLiteTests Mac.xctest */,
				782193A6217E1733001A1D88 /* SQLite.framework */,
				782193A8217E1733001A1D88 /* SQLiteTests tvOS.xctest */,
				782193AA217E1733001A1D88 /* SQLite.framework */,
			);
			name = Products;
			sourceTree = "<group>";
		};
		78902827216F4E080027C64A = {
			isa = PBXGroup;
			children = (
				78902832216F4E080027C64A /* SMK */,
				78902831216F4E080027C64A /* Products */,
				6B03A581A18E42E8D320F8EF /* Frameworks */,
				4559774E17C6FF5656B6FEA3 /* Pods */,
			);
			sourceTree = "<group>";
			usesTabs = 0;
		};
		78902831216F4E080027C64A /* Products */ = {
			isa = PBXGroup;
			children = (
				78902830216F4E080027C64A /* SMK.app */,
			);
			name = Products;
			sourceTree = "<group>";
		};
		78902832216F4E080027C64A /* SMK */ = {
			isa = PBXGroup;
			children = (
				7890285721776D0B0027C64A /* Services */,
				789028502175069F0027C64A /* Helpers */,
				7890284D2170B2BF0027C64A /* Models */,
				7890284C2170B2580027C64A /* Views */,
				789028452170AF5A0027C64A /* Controllers */,
				78902833216F4E090027C64A /* AppDelegate.swift */,
				7890283A216F4E0A0027C64A /* Assets.xcassets */,
				7890283F216F4E0A0027C64A /* Info.plist */,
			);
			path = SMK;
			sourceTree = "<group>";
		};
		789028452170AF5A0027C64A /* Controllers */ = {
			isa = PBXGroup;
			children = (
				7890285521760B830027C64A /* SearchViewController.swift */,
				789028462170AF920027C64A /* DetailViewController.swift */,
				782193E82180B127001A1D88 /* BookmarkViewController.swift */,
			);
			path = Controllers;
			sourceTree = "<group>";
		};
		7890284C2170B2580027C64A /* Views */ = {
			isa = PBXGroup;
			children = (
				78902837216F4E090027C64A /* Main.storyboard */,
				7890283C216F4E0A0027C64A /* LaunchScreen.storyboard */,
				7890285321751C8D0027C64A /* SearchCollectionViewCell.swift */,
			);
			path = Views;
			sourceTree = "<group>";
		};
		7890284D2170B2BF0027C64A /* Models */ = {
			isa = PBXGroup;
			children = (
				7890284E2174EFEC0027C64A /* Films.swift */,
			);
			path = Models;
			sourceTree = "<group>";
		};
		789028502175069F0027C64A /* Helpers */ = {
			isa = PBXGroup;
			children = (
				78902851217506BA0027C64A /* Alerts.swift */,
				78CBBEDE217C93A100F910E6 /* GetCacheImage.swift */,
			);
			path = Helpers;
			sourceTree = "<group>";
		};
		7890285721776D0B0027C64A /* Services */ = {
			isa = PBXGroup;
			children = (
				7890285821776D2F0027C64A /* Service.swift */,
				7890285A2178CBD00027C64A /* GlobalVarManager.swift */,
				782193E6217F5359001A1D88 /* DatabaseManager.swift */,
			);
			path = Services;
			sourceTree = "<group>";
		};
/* End PBXGroup section */

/* Begin PBXNativeTarget section */
		7890282F216F4E080027C64A /* SMK */ = {
			isa = PBXNativeTarget;
			buildConfigurationList = 78902842216F4E0A0027C64A /* Build configuration list for PBXNativeTarget "SMK" */;
			buildPhases = (
				BFFADDE079C6939DA4B7A080 /* [CP] Check Pods Manifest.lock */,
				7890282C216F4E080027C64A /* Sources */,
				7890282D216F4E080027C64A /* Frameworks */,
				7890282E216F4E080027C64A /* Resources */,
				D7A17DEB09D70A777B63BBEF /* [CP] Embed Pods Frameworks */,
			);
			buildRules = (
			);
			dependencies = (
			);
			name = SMK;
			productName = SMK;
			productReference = 78902830216F4E080027C64A /* SMK.app */;
			productType = "com.apple.product-type.application";
		};
/* End PBXNativeTarget section */

/* Begin PBXProject section */
		78902828216F4E080027C64A /* Project object */ = {
			isa = PBXProject;
			attributes = {
				LastSwiftUpdateCheck = 1000;
				LastUpgradeCheck = 1000;
				TargetAttributes = {
					7890282F216F4E080027C64A = {
						CreatedOnToolsVersion = 10.0;
					};
				};
			};
			buildConfigurationList = 7890282B216F4E080027C64A /* Build configuration list for PBXProject "SMK" */;
			compatibilityVersion = "Xcode 9.3";
			developmentRegion = en;
			hasScannedForEncodings = 0;
			knownRegions = (
				en,
				Base,
			);
			mainGroup = 78902827216F4E080027C64A;
			productRefGroup = 78902831216F4E080027C64A /* Products */;
			projectDirPath = "";
			projectReferences = (
				{
					ProductGroup = 78219394217E1732001A1D88 /* Products */;
					ProjectRef = 78219393217E1732001A1D88 /* SQLite.xcodeproj */;
				},
			);
			projectRoot = "";
			targets = (
				7890282F216F4E080027C64A /* SMK */,
			);
		};
/* End PBXProject section */

/* Begin PBXReferenceProxy section */
		7821939E217E1733001A1D88 /* SQLite.framework */ = {
			isa = PBXReferenceProxy;
			fileType = wrapper.framework;
			path = SQLite.framework;
			remoteRef = 7821939D217E1733001A1D88 /* PBXContainerItemProxy */;
			sourceTree = BUILT_PRODUCTS_DIR;
		};
		782193A0217E1733001A1D88 /* SQLiteTests iOS.xctest */ = {
			isa = PBXReferenceProxy;
			fileType = wrapper.cfbundle;
			path = "SQLiteTests iOS.xctest";
			remoteRef = 7821939F217E1733001A1D88 /* PBXContainerItemProxy */;
			sourceTree = BUILT_PRODUCTS_DIR;
		};
		782193A2217E1733001A1D88 /* SQLite.framework */ = {
			isa = PBXReferenceProxy;
			fileType = wrapper.framework;
			path = SQLite.framework;
			remoteRef = 782193A1217E1733001A1D88 /* PBXContainerItemProxy */;
			sourceTree = BUILT_PRODUCTS_DIR;
		};
		782193A4217E1733001A1D88 /* SQLiteTests Mac.xctest */ = {
			isa = PBXReferenceProxy;
			fileType = wrapper.cfbundle;
			path = "SQLiteTests Mac.xctest";
			remoteRef = 782193A3217E1733001A1D88 /* PBXContainerItemProxy */;
			sourceTree = BUILT_PRODUCTS_DIR;
		};
		782193A6217E1733001A1D88 /* SQLite.framework */ = {
			isa = PBXReferenceProxy;
			fileType = wrapper.framework;
			path = SQLite.framework;
			remoteRef = 782193A5217E1733001A1D88 /* PBXContainerItemProxy */;
			sourceTree = BUILT_PRODUCTS_DIR;
		};
		782193A8217E1733001A1D88 /* SQLiteTests tvOS.xctest */ = {
			isa = PBXReferenceProxy;
			fileType = wrapper.cfbundle;
			path = "SQLiteTests tvOS.xctest";
			remoteRef = 782193A7217E1733001A1D88 /* PBXContainerItemProxy */;
			sourceTree = BUILT_PRODUCTS_DIR;
		};
		782193AA217E1733001A1D88 /* SQLite.framework */ = {
			isa = PBXReferenceProxy;
			fileType = wrapper.framework;
			path = SQLite.framework;
			remoteRef = 782193A9217E1733001A1D88 /* PBXContainerItemProxy */;
			sourceTree = BUILT_PRODUCTS_DIR;
		};
/* End PBXReferenceProxy section */

/* Begin PBXResourcesBuildPhase section */
		7890282E216F4E080027C64A /* Resources */ = {
			isa = PBXResourcesBuildPhase;
			buildActionMask = 2147483647;
			files = (
				7890283E216F4E0A0027C64A /* LaunchScreen.storyboard in Resources */,
				7890283B216F4E0A0027C64A /* Assets.xcassets in Resources */,
				78902839216F4E090027C64A /* Main.storyboard in Resources */,
			);
			runOnlyForDeploymentPostprocessing = 0;
		};
/* End PBXResourcesBuildPhase section */

/* Begin PBXShellScriptBuildPhase section */
		BFFADDE079C6939DA4B7A080 /* [CP] Check Pods Manifest.lock */ = {
			isa = PBXShellScriptBuildPhase;
			buildActionMask = 2147483647;
			files = (
			);
			inputPaths = (
				"${PODS_PODFILE_DIR_PATH}/Podfile.lock",
				"${PODS_ROOT}/Manifest.lock",
			);
			name = "[CP] Check Pods Manifest.lock";
			outputPaths = (
				"$(DERIVED_FILE_DIR)/Pods-SMK-checkManifestLockResult.txt",
			);
			runOnlyForDeploymentPostprocessing = 0;
			shellPath = /bin/sh;
			shellScript = "diff \"${PODS_PODFILE_DIR_PATH}/Podfile.lock\" \"${PODS_ROOT}/Manifest.lock\" > /dev/null\nif [ $? != 0 ] ; then\n    # print error to STDERR\n    echo \"error: The sandbox is not in sync with the Podfile.lock. Run 'pod install' or update your CocoaPods installation.\" >&2\n    exit 1\nfi\n# This output is used by Xcode 'outputs' to avoid re-running this script phase.\necho \"SUCCESS\" > \"${SCRIPT_OUTPUT_FILE_0}\"\n";
			showEnvVarsInLog = 0;
		};
		D7A17DEB09D70A777B63BBEF /* [CP] Embed Pods Frameworks */ = {
			isa = PBXShellScriptBuildPhase;
			buildActionMask = 2147483647;
			files = (
			);
			inputPaths = (
				"${SRCROOT}/Pods/Target Support Files/Pods-SMK/Pods-SMK-frameworks.sh",
				"${BUILT_PRODUCTS_DIR}/SQLite.swift/SQLite.framework",
				"${BUILT_PRODUCTS_DIR}/SwiftyJSON/SwiftyJSON.framework",
			);
			name = "[CP] Embed Pods Frameworks";
			outputPaths = (
				"${TARGET_BUILD_DIR}/${FRAMEWORKS_FOLDER_PATH}/SQLite.framework",
				"${TARGET_BUILD_DIR}/${FRAMEWORKS_FOLDER_PATH}/SwiftyJSON.framework",
			);
			runOnlyForDeploymentPostprocessing = 0;
			shellPath = /bin/sh;
			shellScript = "\"${SRCROOT}/Pods/Target Support Files/Pods-SMK/Pods-SMK-frameworks.sh\"\n";
			showEnvVarsInLog = 0;
		};
/* End PBXShellScriptBuildPhase section */

/* Begin PBXSourcesBuildPhase section */
		7890282C216F4E080027C64A /* Sources */ = {
			isa = PBXSourcesBuildPhase;
			buildActionMask = 2147483647;
			files = (
				78CBBEDF217C93A100F910E6 /* GetCacheImage.swift in Sources */,
				782193E7217F5359001A1D88 /* DatabaseManager.swift in Sources */,
				7890284F2174EFEC0027C64A /* Films.swift in Sources */,
				7890285621760B830027C64A /* SearchViewController.swift in Sources */,
				789028472170AF920027C64A /* DetailViewController.swift in Sources */,
				7890285921776D2F0027C64A /* Service.swift in Sources */,
				78902852217506BA0027C64A /* Alerts.swift in Sources */,
				782193E92180B127001A1D88 /* BookmarkViewController.swift in Sources */,
				7890285421751C8D0027C64A /* SearchCollectionViewCell.swift in Sources */,
				7890285B2178CBD00027C64A /* GlobalVarManager.swift in Sources */,
				78902834216F4E090027C64A /* AppDelegate.swift in Sources */,
			);
			runOnlyForDeploymentPostprocessing = 0;
		};
/* End PBXSourcesBuildPhase section */

/* Begin PBXVariantGroup section */
		78902837216F4E090027C64A /* Main.storyboard */ = {
			isa = PBXVariantGroup;
			children = (
				78902838216F4E090027C64A /* Base */,
			);
			name = Main.storyboard;
			sourceTree = "<group>";
		};
		7890283C216F4E0A0027C64A /* LaunchScreen.storyboard */ = {
			isa = PBXVariantGroup;
			children = (
				7890283D216F4E0A0027C64A /* Base */,
			);
			name = LaunchScreen.storyboard;
			sourceTree = "<group>";
		};
/* End PBXVariantGroup section */

/* Begin XCBuildConfiguration section */
		78902840216F4E0A0027C64A /* Debug */ = {
			isa = XCBuildConfiguration;
			buildSettings = {
				ALWAYS_SEARCH_USER_PATHS = NO;
				CLANG_ANALYZER_NONNULL = YES;
				CLANG_ANALYZER_NUMBER_OBJECT_CONVERSION = YES_AGGRESSIVE;
				CLANG_CXX_LANGUAGE_STANDARD = "gnu++14";
				CLANG_CXX_LIBRARY = "libc++";
				CLANG_ENABLE_MODULES = YES;
				CLANG_ENABLE_OBJC_ARC = YES;
				CLANG_ENABLE_OBJC_WEAK = YES;
				CLANG_WARN_BLOCK_CAPTURE_AUTORELEASING = YES;
				CLANG_WARN_BOOL_CONVERSION = YES;
				CLANG_WARN_COMMA = YES;
				CLANG_WARN_CONSTANT_CONVERSION = YES;
				CLANG_WARN_DEPRECATED_OBJC_IMPLEMENTATIONS = YES;
				CLANG_WARN_DIRECT_OBJC_ISA_USAGE = YES_ERROR;
				CLANG_WARN_DOCUMENTATION_COMMENTS = YES;
				CLANG_WARN_EMPTY_BODY = YES;
				CLANG_WARN_ENUM_CONVERSION = YES;
				CLANG_WARN_INFINITE_RECURSION = YES;
				CLANG_WARN_INT_CONVERSION = YES;
				CLANG_WARN_NON_LITERAL_NULL_CONVERSION = YES;
				CLANG_WARN_OBJC_IMPLICIT_RETAIN_SELF = YES;
				CLANG_WARN_OBJC_LITERAL_CONVERSION = YES;
				CLANG_WARN_OBJC_ROOT_CLASS = YES_ERROR;
				CLANG_WARN_RANGE_LOOP_ANALYSIS = YES;
				CLANG_WARN_STRICT_PROTOTYPES = YES;
				CLANG_WARN_SUSPICIOUS_MOVE = YES;
				CLANG_WARN_UNGUARDED_AVAILABILITY = YES_AGGRESSIVE;
				CLANG_WARN_UNREACHABLE_CODE = YES;
				CLANG_WARN__DUPLICATE_METHOD_MATCH = YES;
				CODE_SIGN_IDENTITY = "iPhone Developer";
				COPY_PHASE_STRIP = NO;
				DEBUG_INFORMATION_FORMAT = dwarf;
				ENABLE_STRICT_OBJC_MSGSEND = YES;
				ENABLE_TESTABILITY = YES;
				GCC_C_LANGUAGE_STANDARD = gnu11;
				GCC_DYNAMIC_NO_PIC = NO;
				GCC_NO_COMMON_BLOCKS = YES;
				GCC_OPTIMIZATION_LEVEL = 0;
				GCC_PREPROCESSOR_DEFINITIONS = (
					"DEBUG=1",
					"$(inherited)",
				);
				GCC_WARN_64_TO_32_BIT_CONVERSION = YES;
				GCC_WARN_ABOUT_RETURN_TYPE = YES_ERROR;
				GCC_WARN_UNDECLARED_SELECTOR = YES;
				GCC_WARN_UNINITIALIZED_AUTOS = YES_AGGRESSIVE;
				GCC_WARN_UNUSED_FUNCTION = YES;
				GCC_WARN_UNUSED_VARIABLE = YES;
				IPHONEOS_DEPLOYMENT_TARGET = 12.0;
				MTL_ENABLE_DEBUG_INFO = INCLUDE_SOURCE;
				MTL_FAST_MATH = YES;
				ONLY_ACTIVE_ARCH = YES;
				SDKROOT = iphoneos;
				SWIFT_ACTIVE_COMPILATION_CONDITIONS = DEBUG;
				SWIFT_OPTIMIZATION_LEVEL = "-Onone";
			};
			name = Debug;
		};
		78902841216F4E0A0027C64A /* Release */ = {
			isa = XCBuildConfiguration;
			buildSettings = {
				ALWAYS_SEARCH_USER_PATHS = NO;
				CLANG_ANALYZER_NONNULL = YES;
				CLANG_ANALYZER_NUMBER_OBJECT_CONVERSION = YES_AGGRESSIVE;
				CLANG_CXX_LANGUAGE_STANDARD = "gnu++14";
				CLANG_CXX_LIBRARY = "libc++";
				CLANG_ENABLE_MODULES = YES;
				CLANG_ENABLE_OBJC_ARC = YES;
				CLANG_ENABLE_OBJC_WEAK = YES;
				CLANG_WARN_BLOCK_CAPTURE_AUTORELEASING = YES;
				CLANG_WARN_BOOL_CONVERSION = YES;
				CLANG_WARN_COMMA = YES;
				CLANG_WARN_CONSTANT_CONVERSION = YES;
				CLANG_WARN_DEPRECATED_OBJC_IMPLEMENTATIONS = YES;
				CLANG_WARN_DIRECT_OBJC_ISA_USAGE = YES_ERROR;
				CLANG_WARN_DOCUMENTATION_COMMENTS = YES;
				CLANG_WARN_EMPTY_BODY = YES;
				CLANG_WARN_ENUM_CONVERSION = YES;
				CLANG_WARN_INFINITE_RECURSION = YES;
				CLANG_WARN_INT_CONVERSION = YES;
				CLANG_WARN_NON_LITERAL_NULL_CONVERSION = YES;
				CLANG_WARN_OBJC_IMPLICIT_RETAIN_SELF = YES;
				CLANG_WARN_OBJC_LITERAL_CONVERSION = YES;
				CLANG_WARN_OBJC_ROOT_CLASS = YES_ERROR;
				CLANG_WARN_RANGE_LOOP_ANALYSIS = YES;
				CLANG_WARN_STRICT_PROTOTYPES = YES;
				CLANG_WARN_SUSPICIOUS_MOVE = YES;
				CLANG_WARN_UNGUARDED_AVAILABILITY = YES_AGGRESSIVE;
				CLANG_WARN_UNREACHABLE_CODE = YES;
				CLANG_WARN__DUPLICATE_METHOD_MATCH = YES;
				CODE_SIGN_IDENTITY = "iPhone Developer";
				COPY_PHASE_STRIP = NO;
				DEBUG_INFORMATION_FORMAT = "dwarf-with-dsym";
				ENABLE_NS_ASSERTIONS = NO;
				ENABLE_STRICT_OBJC_MSGSEND = YES;
				GCC_C_LANGUAGE_STANDARD = gnu11;
				GCC_NO_COMMON_BLOCKS = YES;
				GCC_WARN_64_TO_32_BIT_CONVERSION = YES;
				GCC_WARN_ABOUT_RETURN_TYPE = YES_ERROR;
				GCC_WARN_UNDECLARED_SELECTOR = YES;
				GCC_WARN_UNINITIALIZED_AUTOS = YES_AGGRESSIVE;
				GCC_WARN_UNUSED_FUNCTION = YES;
				GCC_WARN_UNUSED_VARIABLE = YES;
				IPHONEOS_DEPLOYMENT_TARGET = 12.0;
				MTL_ENABLE_DEBUG_INFO = NO;
				MTL_FAST_MATH = YES;
				SDKROOT = iphoneos;
				SWIFT_COMPILATION_MODE = wholemodule;
				SWIFT_OPTIMIZATION_LEVEL = "-O";
				VALIDATE_PRODUCT = YES;
			};
			name = Release;
		};
		78902843216F4E0A0027C64A /* Debug */ = {
			isa = XCBuildConfiguration;
			baseConfigurationReference = 532C30526BF0B512E3DDAF5A /* Pods-SMK.debug.xcconfig */;
			buildSettings = {
				ASSETCATALOG_COMPILER_APPICON_NAME = AppIcon;
				CODE_SIGN_STYLE = Automatic;
				DEVELOPMENT_TEAM = ST55Z8AWX9;
				INFOPLIST_FILE = SMK/Info.plist;
				IPHONEOS_DEPLOYMENT_TARGET = 12.0;
				LD_RUNPATH_SEARCH_PATHS = (
					"$(inherited)",
					"@executable_path/Frameworks",
				);
				PRODUCT_BUNDLE_IDENTIFIER = sug.SMK;
				PRODUCT_NAME = "$(TARGET_NAME)";
				SWIFT_VERSION = 4.2;
				TARGETED_DEVICE_FAMILY = 1;
			};
			name = Debug;
		};
		78902844216F4E0A0027C64A /* Release */ = {
			isa = XCBuildConfiguration;
			baseConfigurationReference = D95875EB322AC9AB70A6DD81 /* Pods-SMK.release.xcconfig */;
			buildSettings = {
				ASSETCATALOG_COMPILER_APPICON_NAME = AppIcon;
				CODE_SIGN_STYLE = Automatic;
				DEVELOPMENT_TEAM = ST55Z8AWX9;
				INFOPLIST_FILE = SMK/Info.plist;
				IPHONEOS_DEPLOYMENT_TARGET = 12.0;
				LD_RUNPATH_SEARCH_PATHS = (
					"$(inherited)",
					"@executable_path/Frameworks",
				);
				PRODUCT_BUNDLE_IDENTIFIER = sug.SMK;
				PRODUCT_NAME = "$(TARGET_NAME)";
				SWIFT_VERSION = 4.2;
				TARGETED_DEVICE_FAMILY = 1;
			};
			name = Release;
		};
/* End XCBuildConfiguration section */

/* Begin XCConfigurationList section */
		7890282B216F4E080027C64A /* Build configuration list for PBXProject "SMK" */ = {
			isa = XCConfigurationList;
			buildConfigurations = (
				78902840216F4E0A0027C64A /* Debug */,
				78902841216F4E0A0027C64A /* Release */,
			);
			defaultConfigurationIsVisible = 0;
			defaultConfigurationName = Release;
		};
		78902842216F4E0A0027C64A /* Build configuration list for PBXNativeTarget "SMK" */ = {
			isa = XCConfigurationList;
			buildConfigurations = (
				78902843216F4E0A0027C64A /* Debug */,
				78902844216F4E0A0027C64A /* Release */,
			);
			defaultConfigurationIsVisible = 0;
			defaultConfigurationName = Release;
		};
/* End XCConfigurationList section */
	};
	rootObject = 78902828216F4E080027C64A /* Project object */;
}
